// !$*UTF8*$!
{
	archiveVersion = 1;
	classes = {
	};
	objectVersion = 55;
	objects = {

/* Begin PBXBuildFile section */
		5BB0397E28B23F06009B8DE2 /* AppDelegate.swift in Sources */ = {isa = PBXBuildFile; fileRef = 5BB0397D28B23F06009B8DE2 /* AppDelegate.swift */; };
		5BB0398028B23F06009B8DE2 /* SceneDelegate.swift in Sources */ = {isa = PBXBuildFile; fileRef = 5BB0397F28B23F06009B8DE2 /* SceneDelegate.swift */; };
		5BB0398528B23F06009B8DE2 /* Main.storyboard in Resources */ = {isa = PBXBuildFile; fileRef = 5BB0398328B23F06009B8DE2 /* Main.storyboard */; };
		5BB0398728B23F08009B8DE2 /* Assets.xcassets in Resources */ = {isa = PBXBuildFile; fileRef = 5BB0398628B23F08009B8DE2 /* Assets.xcassets */; };
		5BB0398A28B23F08009B8DE2 /* LaunchScreen.storyboard in Resources */ = {isa = PBXBuildFile; fileRef = 5BB0398828B23F08009B8DE2 /* LaunchScreen.storyboard */; };
		5BB0399A28B23F99009B8DE2 /* APIKey.swift in Sources */ = {isa = PBXBuildFile; fileRef = 5BB0399928B23F99009B8DE2 /* APIKey.swift */; };
		5BB039A228B24015009B8DE2 /* WriteViewController.swift in Sources */ = {isa = PBXBuildFile; fileRef = 5BB039A128B24015009B8DE2 /* WriteViewController.swift */; };
		5BB039A428B24028009B8DE2 /* SearchImageViewController.swift in Sources */ = {isa = PBXBuildFile; fileRef = 5BB039A328B24028009B8DE2 /* SearchImageViewController.swift */; };
		5BB039A828B2441B009B8DE2 /* BaseViewController.swift in Sources */ = {isa = PBXBuildFile; fileRef = 5BB039A728B2441B009B8DE2 /* BaseViewController.swift */; };
		5BB039AB28B24458009B8DE2 /* SnapKit in Frameworks */ = {isa = PBXBuildFile; productRef = 5BB039AA28B24458009B8DE2 /* SnapKit */; };
		5BB039AD28B244FC009B8DE2 /* UIView+.swift in Sources */ = {isa = PBXBuildFile; fileRef = 5BB039AC28B244FC009B8DE2 /* UIView+.swift */; };
		5BB039B028B2454F009B8DE2 /* BaseView.swift in Sources */ = {isa = PBXBuildFile; fileRef = 5BB039AF28B2454F009B8DE2 /* BaseView.swift */; };
		5BB039B428B248F3009B8DE2 /* Protocol.swift in Sources */ = {isa = PBXBuildFile; fileRef = 5BB039B328B248F3009B8DE2 /* Protocol.swift */; };
		5BB039B628B24911009B8DE2 /* Constant.swift in Sources */ = {isa = PBXBuildFile; fileRef = 5BB039B528B24911009B8DE2 /* Constant.swift */; };
		5BB039B928B2493D009B8DE2 /* SearchImageCollectionViewCell.swift in Sources */ = {isa = PBXBuildFile; fileRef = 5BB039B828B2493D009B8DE2 /* SearchImageCollectionViewCell.swift */; };
		5BB039BB28B2541E009B8DE2 /* DiaryTextField.swift in Sources */ = {isa = PBXBuildFile; fileRef = 5BB039BA28B2541E009B8DE2 /* DiaryTextField.swift */; };
		5BB039BE28B25E4F009B8DE2 /* Transition+.swift in Sources */ = {isa = PBXBuildFile; fileRef = 5BB039BD28B25E4F009B8DE2 /* Transition+.swift */; };
		5BB039C128B2B12D009B8DE2 /* WriteView.swift in Sources */ = {isa = PBXBuildFile; fileRef = 5BB039C028B2B12D009B8DE2 /* WriteView.swift */; };
		5BB039C428B2B58F009B8DE2 /* URLType.swift in Sources */ = {isa = PBXBuildFile; fileRef = 5BB039C328B2B58F009B8DE2 /* URLType.swift */; };
		5BB039C728B2B5BF009B8DE2 /* Alamofire in Frameworks */ = {isa = PBXBuildFile; productRef = 5BB039C628B2B5BF009B8DE2 /* Alamofire */; };
		5BB039CA28B2B5CA009B8DE2 /* SwiftyJSON in Frameworks */ = {isa = PBXBuildFile; productRef = 5BB039C928B2B5CA009B8DE2 /* SwiftyJSON */; };
		5BB039CF28B2B600009B8DE2 /* ImageManager.swift in Sources */ = {isa = PBXBuildFile; fileRef = 5BB039CE28B2B600009B8DE2 /* ImageManager.swift */; };
		5BB039D828B30B78009B8DE2 /* Kingfisher in Frameworks */ = {isa = PBXBuildFile; productRef = 5BB039D728B30B78009B8DE2 /* Kingfisher */; };
		5BB039E428B31674009B8DE2 /* Realm in Frameworks */ = {isa = PBXBuildFile; productRef = 5BB039E328B31674009B8DE2 /* Realm */; };
		5BB039E628B31674009B8DE2 /* RealmSwift in Frameworks */ = {isa = PBXBuildFile; productRef = 5BB039E528B31674009B8DE2 /* RealmSwift */; };
		5BB039EC28B31A2C009B8DE2 /* RealmModel.swift in Sources */ = {isa = PBXBuildFile; fileRef = 5BB039EB28B31A2C009B8DE2 /* RealmModel.swift */; };
		5BB039F028B32AA0009B8DE2 /* HomeViewController.swift in Sources */ = {isa = PBXBuildFile; fileRef = 5BB039EF28B32AA0009B8DE2 /* HomeViewController.swift */; };
/* End PBXBuildFile section */

/* Begin PBXFileReference section */
		5BB0397A28B23F06009B8DE2 /* Diary.app */ = {isa = PBXFileReference; explicitFileType = wrapper.application; includeInIndex = 0; path = Diary.app; sourceTree = BUILT_PRODUCTS_DIR; };
		5BB0397D28B23F06009B8DE2 /* AppDelegate.swift */ = {isa = PBXFileReference; lastKnownFileType = sourcecode.swift; path = AppDelegate.swift; sourceTree = "<group>"; };
		5BB0397F28B23F06009B8DE2 /* SceneDelegate.swift */ = {isa = PBXFileReference; lastKnownFileType = sourcecode.swift; path = SceneDelegate.swift; sourceTree = "<group>"; };
		5BB0398428B23F06009B8DE2 /* Base */ = {isa = PBXFileReference; lastKnownFileType = file.storyboard; name = Base; path = Base.lproj/Main.storyboard; sourceTree = "<group>"; };
		5BB0398628B23F08009B8DE2 /* Assets.xcassets */ = {isa = PBXFileReference; lastKnownFileType = folder.assetcatalog; path = Assets.xcassets; sourceTree = "<group>"; };
		5BB0398928B23F08009B8DE2 /* Base */ = {isa = PBXFileReference; lastKnownFileType = file.storyboard; name = Base; path = Base.lproj/LaunchScreen.storyboard; sourceTree = "<group>"; };
		5BB0398B28B23F08009B8DE2 /* Info.plist */ = {isa = PBXFileReference; lastKnownFileType = text.plist.xml; path = Info.plist; sourceTree = "<group>"; };
		5BB0399928B23F99009B8DE2 /* APIKey.swift */ = {isa = PBXFileReference; lastKnownFileType = sourcecode.swift; path = APIKey.swift; sourceTree = "<group>"; };
		5BB039A128B24015009B8DE2 /* WriteViewController.swift */ = {isa = PBXFileReference; lastKnownFileType = sourcecode.swift; path = WriteViewController.swift; sourceTree = "<group>"; };
		5BB039A328B24028009B8DE2 /* SearchImageViewController.swift */ = {isa = PBXFileReference; lastKnownFileType = sourcecode.swift; path = SearchImageViewController.swift; sourceTree = "<group>"; };
		5BB039A728B2441B009B8DE2 /* BaseViewController.swift */ = {isa = PBXFileReference; lastKnownFileType = sourcecode.swift; path = BaseViewController.swift; sourceTree = "<group>"; };
		5BB039AC28B244FC009B8DE2 /* UIView+.swift */ = {isa = PBXFileReference; lastKnownFileType = sourcecode.swift; path = "UIView+.swift"; sourceTree = "<group>"; };
		5BB039AF28B2454F009B8DE2 /* BaseView.swift */ = {isa = PBXFileReference; lastKnownFileType = sourcecode.swift; path = BaseView.swift; sourceTree = "<group>"; };
		5BB039B328B248F3009B8DE2 /* Protocol.swift */ = {isa = PBXFileReference; lastKnownFileType = sourcecode.swift; path = Protocol.swift; sourceTree = "<group>"; };
		5BB039B528B24911009B8DE2 /* Constant.swift */ = {isa = PBXFileReference; lastKnownFileType = sourcecode.swift; path = Constant.swift; sourceTree = "<group>"; };
		5BB039B828B2493D009B8DE2 /* SearchImageCollectionViewCell.swift */ = {isa = PBXFileReference; lastKnownFileType = sourcecode.swift; path = SearchImageCollectionViewCell.swift; sourceTree = "<group>"; };
		5BB039BA28B2541E009B8DE2 /* DiaryTextField.swift */ = {isa = PBXFileReference; lastKnownFileType = sourcecode.swift; path = DiaryTextField.swift; sourceTree = "<group>"; };
		5BB039BD28B25E4F009B8DE2 /* Transition+.swift */ = {isa = PBXFileReference; lastKnownFileType = sourcecode.swift; path = "Transition+.swift"; sourceTree = "<group>"; };
		5BB039C028B2B12D009B8DE2 /* WriteView.swift */ = {isa = PBXFileReference; lastKnownFileType = sourcecode.swift; path = WriteView.swift; sourceTree = "<group>"; };
		5BB039C328B2B58F009B8DE2 /* URLType.swift */ = {isa = PBXFileReference; lastKnownFileType = sourcecode.swift; path = URLType.swift; sourceTree = "<group>"; };
		5BB039CE28B2B600009B8DE2 /* ImageManager.swift */ = {isa = PBXFileReference; lastKnownFileType = sourcecode.swift; path = ImageManager.swift; sourceTree = "<group>"; };
		5BB039EB28B31A2C009B8DE2 /* RealmModel.swift */ = {isa = PBXFileReference; lastKnownFileType = sourcecode.swift; path = RealmModel.swift; sourceTree = "<group>"; };
		5BB039EF28B32AA0009B8DE2 /* HomeViewController.swift */ = {isa = PBXFileReference; lastKnownFileType = sourcecode.swift; path = HomeViewController.swift; sourceTree = "<group>"; };
/* End PBXFileReference section */

/* Begin PBXFrameworksBuildPhase section */
		5BB0397728B23F06009B8DE2 /* Frameworks */ = {
			isa = PBXFrameworksBuildPhase;
			buildActionMask = 2147483647;
			files = (
				5BB039E628B31674009B8DE2 /* RealmSwift in Frameworks */,
				5BB039D828B30B78009B8DE2 /* Kingfisher in Frameworks */,
				5BB039CA28B2B5CA009B8DE2 /* SwiftyJSON in Frameworks */,
				5BB039AB28B24458009B8DE2 /* SnapKit in Frameworks */,
				5BB039C728B2B5BF009B8DE2 /* Alamofire in Frameworks */,
				5BB039E428B31674009B8DE2 /* Realm in Frameworks */,
			);
			runOnlyForDeploymentPostprocessing = 0;
		};
/* End PBXFrameworksBuildPhase section */

/* Begin PBXGroup section */
		5BB0397128B23F06009B8DE2 = {
			isa = PBXGroup;
			children = (
				5BB039EA28B31A03009B8DE2 /* Realm */,
				5BB0397C28B23F06009B8DE2 /* Diary */,
				5BB0397B28B23F06009B8DE2 /* Products */,
			);
			sourceTree = "<group>";
		};
		5BB0397B28B23F06009B8DE2 /* Products */ = {
			isa = PBXGroup;
			children = (
				5BB0397A28B23F06009B8DE2 /* Diary.app */,
			);
			name = Products;
			sourceTree = "<group>";
		};
		5BB0397C28B23F06009B8DE2 /* Diary */ = {
			isa = PBXGroup;
			children = (
				5BB0399428B23F36009B8DE2 /* Network */,
				5BB0399128B23F14009B8DE2 /* Utility */,
				5BB0399228B23F1B009B8DE2 /* Screen */,
				5BB0399328B23F20009B8DE2 /* Support */,
			);
			path = Diary;
			sourceTree = "<group>";
		};
		5BB0399128B23F14009B8DE2 /* Utility */ = {
			isa = PBXGroup;
			children = (
				5BB0399B28B23FA9009B8DE2 /* Base */,
				5BB0399C28B23FB7009B8DE2 /* Component */,
				5BB0399628B23F67009B8DE2 /* Extension */,
				5BB039B328B248F3009B8DE2 /* Protocol.swift */,
				5BB039B528B24911009B8DE2 /* Constant.swift */,
			);
			path = Utility;
			sourceTree = "<group>";
		};
		5BB0399228B23F1B009B8DE2 /* Screen */ = {
			isa = PBXGroup;
			children = (
				5BB039ED28B32A8F009B8DE2 /* Home */,
				5BB039A028B23FFF009B8DE2 /* Write */,
				5BB0399F28B23FF9009B8DE2 /* Search */,
			);
			path = Screen;
			sourceTree = "<group>";
		};
		5BB0399328B23F20009B8DE2 /* Support */ = {
			isa = PBXGroup;
			children = (
				5BB0399528B23F41009B8DE2 /* Storyboard */,
				5BB0397D28B23F06009B8DE2 /* AppDelegate.swift */,
				5BB0397F28B23F06009B8DE2 /* SceneDelegate.swift */,
				5BB0398628B23F08009B8DE2 /* Assets.xcassets */,
				5BB0398B28B23F08009B8DE2 /* Info.plist */,
			);
			path = Support;
			sourceTree = "<group>";
		};
		5BB0399428B23F36009B8DE2 /* Network */ = {
			isa = PBXGroup;
			children = (
				5BB0399D28B23FBD009B8DE2 /* Global */,
				5BB0399E28B23FC6009B8DE2 /* Manager */,
			);
			path = Network;
			sourceTree = "<group>";
		};
		5BB0399528B23F41009B8DE2 /* Storyboard */ = {
			isa = PBXGroup;
			children = (
				5BB0398328B23F06009B8DE2 /* Main.storyboard */,
				5BB0398828B23F08009B8DE2 /* LaunchScreen.storyboard */,
			);
			path = Storyboard;
			sourceTree = "<group>";
		};
		5BB0399628B23F67009B8DE2 /* Extension */ = {
			isa = PBXGroup;
			children = (
				5BB039AC28B244FC009B8DE2 /* UIView+.swift */,
				5BB039BD28B25E4F009B8DE2 /* Transition+.swift */,
			);
			path = Extension;
			sourceTree = "<group>";
		};
		5BB0399B28B23FA9009B8DE2 /* Base */ = {
			isa = PBXGroup;
			children = (
				5BB039A728B2441B009B8DE2 /* BaseViewController.swift */,
				5BB039AF28B2454F009B8DE2 /* BaseView.swift */,
			);
			path = Base;
			sourceTree = "<group>";
		};
		5BB0399C28B23FB7009B8DE2 /* Component */ = {
			isa = PBXGroup;
			children = (
				5BB039BA28B2541E009B8DE2 /* DiaryTextField.swift */,
			);
			path = Component;
			sourceTree = "<group>";
		};
		5BB0399D28B23FBD009B8DE2 /* Global */ = {
			isa = PBXGroup;
			children = (
				5BB0399928B23F99009B8DE2 /* APIKey.swift */,
				5BB039C328B2B58F009B8DE2 /* URLType.swift */,
			);
			path = Global;
			sourceTree = "<group>";
		};
		5BB0399E28B23FC6009B8DE2 /* Manager */ = {
			isa = PBXGroup;
			children = (
				5BB039CE28B2B600009B8DE2 /* ImageManager.swift */,
			);
			path = Manager;
			sourceTree = "<group>";
		};
		5BB0399F28B23FF9009B8DE2 /* Search */ = {
			isa = PBXGroup;
			children = (
				5BB039B728B24927009B8DE2 /* Cell */,
				5BB039A528B2402B009B8DE2 /* Controller */,
			);
			path = Search;
			sourceTree = "<group>";
		};
		5BB039A028B23FFF009B8DE2 /* Write */ = {
			isa = PBXGroup;
			children = (
				5BB039C228B2B2D9009B8DE2 /* View */,
				5BB039A628B24030009B8DE2 /* Controller */,
			);
			path = Write;
			sourceTree = "<group>";
		};
		5BB039A528B2402B009B8DE2 /* Controller */ = {
			isa = PBXGroup;
			children = (
				5BB039A328B24028009B8DE2 /* SearchImageViewController.swift */,
			);
			path = Controller;
			sourceTree = "<group>";
		};
		5BB039A628B24030009B8DE2 /* Controller */ = {
			isa = PBXGroup;
			children = (
				5BB039A128B24015009B8DE2 /* WriteViewController.swift */,
			);
			path = Controller;
			sourceTree = "<group>";
		};
		5BB039B728B24927009B8DE2 /* Cell */ = {
			isa = PBXGroup;
			children = (
				5BB039B828B2493D009B8DE2 /* SearchImageCollectionViewCell.swift */,
			);
			path = Cell;
			sourceTree = "<group>";
		};
		5BB039C228B2B2D9009B8DE2 /* View */ = {
			isa = PBXGroup;
			children = (
				5BB039C028B2B12D009B8DE2 /* WriteView.swift */,
			);
			path = View;
			sourceTree = "<group>";
		};
		5BB039EA28B31A03009B8DE2 /* Realm */ = {
			isa = PBXGroup;
			children = (
				5BB039EB28B31A2C009B8DE2 /* RealmModel.swift */,
			);
			path = Realm;
			sourceTree = "<group>";
		};
		5BB039ED28B32A8F009B8DE2 /* Home */ = {
			isa = PBXGroup;
			children = (
				5BB039EE28B32A94009B8DE2 /* Controller */,
			);
			path = Home;
			sourceTree = "<group>";
		};
		5BB039EE28B32A94009B8DE2 /* Controller */ = {
			isa = PBXGroup;
			children = (
				5BB039EF28B32AA0009B8DE2 /* HomeViewController.swift */,
			);
			path = Controller;
			sourceTree = "<group>";
		};
/* End PBXGroup section */

/* Begin PBXNativeTarget section */
		5BB0397928B23F06009B8DE2 /* Diary */ = {
			isa = PBXNativeTarget;
			buildConfigurationList = 5BB0398E28B23F08009B8DE2 /* Build configuration list for PBXNativeTarget "Diary" */;
			buildPhases = (
				5BB0397628B23F06009B8DE2 /* Sources */,
				5BB0397728B23F06009B8DE2 /* Frameworks */,
				5BB0397828B23F06009B8DE2 /* Resources */,
			);
			buildRules = (
			);
			dependencies = (
			);
			name = Diary;
			packageProductDependencies = (
				5BB039AA28B24458009B8DE2 /* SnapKit */,
				5BB039C628B2B5BF009B8DE2 /* Alamofire */,
				5BB039C928B2B5CA009B8DE2 /* SwiftyJSON */,
				5BB039D728B30B78009B8DE2 /* Kingfisher */,
				5BB039E328B31674009B8DE2 /* Realm */,
				5BB039E528B31674009B8DE2 /* RealmSwift */,
			);
			productName = Diary;
			productReference = 5BB0397A28B23F06009B8DE2 /* Diary.app */;
			productType = "com.apple.product-type.application";
		};
/* End PBXNativeTarget section */

/* Begin PBXProject section */
		5BB0397228B23F06009B8DE2 /* Project object */ = {
			isa = PBXProject;
			attributes = {
				BuildIndependentTargetsInParallel = 1;
				LastSwiftUpdateCheck = 1320;
				LastUpgradeCheck = 1320;
				TargetAttributes = {
					5BB0397928B23F06009B8DE2 = {
						CreatedOnToolsVersion = 13.2.1;
					};
				};
			};
			buildConfigurationList = 5BB0397528B23F06009B8DE2 /* Build configuration list for PBXProject "Diary" */;
			compatibilityVersion = "Xcode 13.0";
			developmentRegion = en;
			hasScannedForEncodings = 0;
			knownRegions = (
				en,
				Base,
			);
			mainGroup = 5BB0397128B23F06009B8DE2;
			packageReferences = (
				5BB039A928B24458009B8DE2 /* XCRemoteSwiftPackageReference "SnapKit" */,
				5BB039C528B2B5BF009B8DE2 /* XCRemoteSwiftPackageReference "Alamofire" */,
				5BB039C828B2B5CA009B8DE2 /* XCRemoteSwiftPackageReference "SwiftyJSON" */,
				5BB039D628B30B78009B8DE2 /* XCRemoteSwiftPackageReference "Kingfisher" */,
				5BB039E228B31674009B8DE2 /* XCRemoteSwiftPackageReference "realm-swift" */,
			);
			productRefGroup = 5BB0397B28B23F06009B8DE2 /* Products */;
			projectDirPath = "";
			projectRoot = "";
			targets = (
				5BB0397928B23F06009B8DE2 /* Diary */,
			);
		};
/* End PBXProject section */

/* Begin PBXResourcesBuildPhase section */
		5BB0397828B23F06009B8DE2 /* Resources */ = {
			isa = PBXResourcesBuildPhase;
			buildActionMask = 2147483647;
			files = (
				5BB0398A28B23F08009B8DE2 /* LaunchScreen.storyboard in Resources */,
				5BB0398728B23F08009B8DE2 /* Assets.xcassets in Resources */,
				5BB0398528B23F06009B8DE2 /* Main.storyboard in Resources */,
			);
			runOnlyForDeploymentPostprocessing = 0;
		};
/* End PBXResourcesBuildPhase section */

/* Begin PBXSourcesBuildPhase section */
		5BB0397628B23F06009B8DE2 /* Sources */ = {
			isa = PBXSourcesBuildPhase;
			buildActionMask = 2147483647;
			files = (
				5BB039AD28B244FC009B8DE2 /* UIView+.swift in Sources */,
				5BB039B928B2493D009B8DE2 /* SearchImageCollectionViewCell.swift in Sources */,
				5BB039A428B24028009B8DE2 /* SearchImageViewController.swift in Sources */,
				5BB039C128B2B12D009B8DE2 /* WriteView.swift in Sources */,
				5BB0397E28B23F06009B8DE2 /* AppDelegate.swift in Sources */,
				5BB039F028B32AA0009B8DE2 /* HomeViewController.swift in Sources */,
				5BB0399A28B23F99009B8DE2 /* APIKey.swift in Sources */,
				5BB039A228B24015009B8DE2 /* WriteViewController.swift in Sources */,
				5BB039B428B248F3009B8DE2 /* Protocol.swift in Sources */,
				5BB0398028B23F06009B8DE2 /* SceneDelegate.swift in Sources */,
				5BB039BB28B2541E009B8DE2 /* DiaryTextField.swift in Sources */,
				5BB039BE28B25E4F009B8DE2 /* Transition+.swift in Sources */,
				5BB039CF28B2B600009B8DE2 /* ImageManager.swift in Sources */,
				5BB039EC28B31A2C009B8DE2 /* RealmModel.swift in Sources */,
				5BB039B628B24911009B8DE2 /* Constant.swift in Sources */,
				5BB039C428B2B58F009B8DE2 /* URLType.swift in Sources */,
				5BB039A828B2441B009B8DE2 /* BaseViewController.swift in Sources */,
				5BB039B028B2454F009B8DE2 /* BaseView.swift in Sources */,
			);
			runOnlyForDeploymentPostprocessing = 0;
		};
/* End PBXSourcesBuildPhase section */

/* Begin PBXVariantGroup section */
		5BB0398328B23F06009B8DE2 /* Main.storyboard */ = {
			isa = PBXVariantGroup;
			children = (
				5BB0398428B23F06009B8DE2 /* Base */,
			);
			name = Main.storyboard;
			sourceTree = "<group>";
		};
		5BB0398828B23F08009B8DE2 /* LaunchScreen.storyboard */ = {
			isa = PBXVariantGroup;
			children = (
				5BB0398928B23F08009B8DE2 /* Base */,
			);
			name = LaunchScreen.storyboard;
			sourceTree = "<group>";
		};
/* End PBXVariantGroup section */

/* Begin XCBuildConfiguration section */
		5BB0398C28B23F08009B8DE2 /* Debug */ = {
			isa = XCBuildConfiguration;
			buildSettings = {
				ALWAYS_SEARCH_USER_PATHS = NO;
				CLANG_ANALYZER_NONNULL = YES;
				CLANG_ANALYZER_NUMBER_OBJECT_CONVERSION = YES_AGGRESSIVE;
				CLANG_CXX_LANGUAGE_STANDARD = "gnu++17";
				CLANG_CXX_LIBRARY = "libc++";
				CLANG_ENABLE_MODULES = YES;
				CLANG_ENABLE_OBJC_ARC = YES;
				CLANG_ENABLE_OBJC_WEAK = YES;
				CLANG_WARN_BLOCK_CAPTURE_AUTORELEASING = YES;
				CLANG_WARN_BOOL_CONVERSION = YES;
				CLANG_WARN_COMMA = YES;
				CLANG_WARN_CONSTANT_CONVERSION = YES;
				CLANG_WARN_DEPRECATED_OBJC_IMPLEMENTATIONS = YES;
				CLANG_WARN_DIRECT_OBJC_ISA_USAGE = YES_ERROR;
				CLANG_WARN_DOCUMENTATION_COMMENTS = YES;
				CLANG_WARN_EMPTY_BODY = YES;
				CLANG_WARN_ENUM_CONVERSION = YES;
				CLANG_WARN_INFINITE_RECURSION = YES;
				CLANG_WARN_INT_CONVERSION = YES;
				CLANG_WARN_NON_LITERAL_NULL_CONVERSION = YES;
				CLANG_WARN_OBJC_IMPLICIT_RETAIN_SELF = YES;
				CLANG_WARN_OBJC_LITERAL_CONVERSION = YES;
				CLANG_WARN_OBJC_ROOT_CLASS = YES_ERROR;
				CLANG_WARN_QUOTED_INCLUDE_IN_FRAMEWORK_HEADER = YES;
				CLANG_WARN_RANGE_LOOP_ANALYSIS = YES;
				CLANG_WARN_STRICT_PROTOTYPES = YES;
				CLANG_WARN_SUSPICIOUS_MOVE = YES;
				CLANG_WARN_UNGUARDED_AVAILABILITY = YES_AGGRESSIVE;
				CLANG_WARN_UNREACHABLE_CODE = YES;
				CLANG_WARN__DUPLICATE_METHOD_MATCH = YES;
				COPY_PHASE_STRIP = NO;
				DEBUG_INFORMATION_FORMAT = dwarf;
				ENABLE_STRICT_OBJC_MSGSEND = YES;
				ENABLE_TESTABILITY = YES;
				GCC_C_LANGUAGE_STANDARD = gnu11;
				GCC_DYNAMIC_NO_PIC = NO;
				GCC_NO_COMMON_BLOCKS = YES;
				GCC_OPTIMIZATION_LEVEL = 0;
				GCC_PREPROCESSOR_DEFINITIONS = (
					"DEBUG=1",
					"$(inherited)",
				);
				GCC_WARN_64_TO_32_BIT_CONVERSION = YES;
				GCC_WARN_ABOUT_RETURN_TYPE = YES_ERROR;
				GCC_WARN_UNDECLARED_SELECTOR = YES;
				GCC_WARN_UNINITIALIZED_AUTOS = YES_AGGRESSIVE;
				GCC_WARN_UNUSED_FUNCTION = YES;
				GCC_WARN_UNUSED_VARIABLE = YES;
				IPHONEOS_DEPLOYMENT_TARGET = 15.2;
				MTL_ENABLE_DEBUG_INFO = INCLUDE_SOURCE;
				MTL_FAST_MATH = YES;
				ONLY_ACTIVE_ARCH = YES;
				SDKROOT = iphoneos;
				SWIFT_ACTIVE_COMPILATION_CONDITIONS = DEBUG;
				SWIFT_OPTIMIZATION_LEVEL = "-Onone";
			};
			name = Debug;
		};
		5BB0398D28B23F08009B8DE2 /* Release */ = {
			isa = XCBuildConfiguration;
			buildSettings = {
				ALWAYS_SEARCH_USER_PATHS = NO;
				CLANG_ANALYZER_NONNULL = YES;
				CLANG_ANALYZER_NUMBER_OBJECT_CONVERSION = YES_AGGRESSIVE;
				CLANG_CXX_LANGUAGE_STANDARD = "gnu++17";
				CLANG_CXX_LIBRARY = "libc++";
				CLANG_ENABLE_MODULES = YES;
				CLANG_ENABLE_OBJC_ARC = YES;
				CLANG_ENABLE_OBJC_WEAK = YES;
				CLANG_WARN_BLOCK_CAPTURE_AUTORELEASING = YES;
				CLANG_WARN_BOOL_CONVERSION = YES;
				CLANG_WARN_COMMA = YES;
				CLANG_WARN_CONSTANT_CONVERSION = YES;
				CLANG_WARN_DEPRECATED_OBJC_IMPLEMENTATIONS = YES;
				CLANG_WARN_DIRECT_OBJC_ISA_USAGE = YES_ERROR;
				CLANG_WARN_DOCUMENTATION_COMMENTS = YES;
				CLANG_WARN_EMPTY_BODY = YES;
				CLANG_WARN_ENUM_CONVERSION = YES;
				CLANG_WARN_INFINITE_RECURSION = YES;
				CLANG_WARN_INT_CONVERSION = YES;
				CLANG_WARN_NON_LITERAL_NULL_CONVERSION = YES;
				CLANG_WARN_OBJC_IMPLICIT_RETAIN_SELF = YES;
				CLANG_WARN_OBJC_LITERAL_CONVERSION = YES;
				CLANG_WARN_OBJC_ROOT_CLASS = YES_ERROR;
				CLANG_WARN_QUOTED_INCLUDE_IN_FRAMEWORK_HEADER = YES;
				CLANG_WARN_RANGE_LOOP_ANALYSIS = YES;
				CLANG_WARN_STRICT_PROTOTYPES = YES;
				CLANG_WARN_SUSPICIOUS_MOVE = YES;
				CLANG_WARN_UNGUARDED_AVAILABILITY = YES_AGGRESSIVE;
				CLANG_WARN_UNREACHABLE_CODE = YES;
				CLANG_WARN__DUPLICATE_METHOD_MATCH = YES;
				COPY_PHASE_STRIP = NO;
				DEBUG_INFORMATION_FORMAT = "dwarf-with-dsym";
				ENABLE_NS_ASSERTIONS = NO;
				ENABLE_STRICT_OBJC_MSGSEND = YES;
				GCC_C_LANGUAGE_STANDARD = gnu11;
				GCC_NO_COMMON_BLOCKS = YES;
				GCC_WARN_64_TO_32_BIT_CONVERSION = YES;
				GCC_WARN_ABOUT_RETURN_TYPE = YES_ERROR;
				GCC_WARN_UNDECLARED_SELECTOR = YES;
				GCC_WARN_UNINITIALIZED_AUTOS = YES_AGGRESSIVE;
				GCC_WARN_UNUSED_FUNCTION = YES;
				GCC_WARN_UNUSED_VARIABLE = YES;
				IPHONEOS_DEPLOYMENT_TARGET = 15.2;
				MTL_ENABLE_DEBUG_INFO = NO;
				MTL_FAST_MATH = YES;
				SDKROOT = iphoneos;
				SWIFT_COMPILATION_MODE = wholemodule;
				SWIFT_OPTIMIZATION_LEVEL = "-O";
				VALIDATE_PRODUCT = YES;
			};
			name = Release;
		};
		5BB0398F28B23F08009B8DE2 /* Debug */ = {
			isa = XCBuildConfiguration;
			buildSettings = {
				ASSETCATALOG_COMPILER_APPICON_NAME = AppIcon;
				ASSETCATALOG_COMPILER_GLOBAL_ACCENT_COLOR_NAME = AccentColor;
				CODE_SIGN_STYLE = Automatic;
				CURRENT_PROJECT_VERSION = 1;
				DEVELOPMENT_TEAM = 5GQ6QL9S3X;
				GENERATE_INFOPLIST_FILE = YES;
				INFOPLIST_FILE = Diary/Support/Info.plist;
				INFOPLIST_KEY_UIApplicationSupportsIndirectInputEvents = YES;
				INFOPLIST_KEY_UILaunchStoryboardName = LaunchScreen;
				INFOPLIST_KEY_UIMainStoryboardFile = Main;
				INFOPLIST_KEY_UISupportedInterfaceOrientations = UIInterfaceOrientationPortrait;
				INFOPLIST_KEY_UISupportedInterfaceOrientations_iPad = "UIInterfaceOrientationPortrait UIInterfaceOrientationPortraitUpsideDown UIInterfaceOrientationLandscapeLeft UIInterfaceOrientationLandscapeRight";
				INFOPLIST_KEY_UISupportedInterfaceOrientations_iPhone = "UIInterfaceOrientationPortrait UIInterfaceOrientationLandscapeLeft UIInterfaceOrientationLandscapeRight";
				LD_RUNPATH_SEARCH_PATHS = (
					"$(inherited)",
					"@executable_path/Frameworks",
				);
				MARKETING_VERSION = 1.0;
				PRODUCT_BUNDLE_IDENTIFIER = com.ruheekim.Diary;
				PRODUCT_NAME = "$(TARGET_NAME)";
				SWIFT_EMIT_LOC_STRINGS = YES;
				SWIFT_VERSION = 5.0;
				TARGETED_DEVICE_FAMILY = 1;
			};
			name = Debug;
		};
		5BB0399028B23F08009B8DE2 /* Release */ = {
			isa = XCBuildConfiguration;
			buildSettings = {
				ASSETCATALOG_COMPILER_APPICON_NAME = AppIcon;
				ASSETCATALOG_COMPILER_GLOBAL_ACCENT_COLOR_NAME = AccentColor;
				CODE_SIGN_STYLE = Automatic;
				CURRENT_PROJECT_VERSION = 1;
				DEVELOPMENT_TEAM = 5GQ6QL9S3X;
				GENERATE_INFOPLIST_FILE = YES;
				INFOPLIST_FILE = Diary/Support/Info.plist;
				INFOPLIST_KEY_UIApplicationSupportsIndirectInputEvents = YES;
				INFOPLIST_KEY_UILaunchStoryboardName = LaunchScreen;
				INFOPLIST_KEY_UIMainStoryboardFile = Main;
				INFOPLIST_KEY_UISupportedInterfaceOrientations = UIInterfaceOrientationPortrait;
				INFOPLIST_KEY_UISupportedInterfaceOrientations_iPad = "UIInterfaceOrientationPortrait UIInterfaceOrientationPortraitUpsideDown UIInterfaceOrientationLandscapeLeft UIInterfaceOrientationLandscapeRight";
				INFOPLIST_KEY_UISupportedInterfaceOrientations_iPhone = "UIInterfaceOrientationPortrait UIInterfaceOrientationLandscapeLeft UIInterfaceOrientationLandscapeRight";
				LD_RUNPATH_SEARCH_PATHS = (
					"$(inherited)",
					"@executable_path/Frameworks",
				);
				MARKETING_VERSION = 1.0;
				PRODUCT_BUNDLE_IDENTIFIER = com.ruheekim.Diary;
				PRODUCT_NAME = "$(TARGET_NAME)";
				SWIFT_EMIT_LOC_STRINGS = YES;
				SWIFT_VERSION = 5.0;
				TARGETED_DEVICE_FAMILY = 1;
			};
			name = Release;
		};
/* End XCBuildConfiguration section */

/* Begin XCConfigurationList section */
		5BB0397528B23F06009B8DE2 /* Build configuration list for PBXProject "Diary" */ = {
			isa = XCConfigurationList;
			buildConfigurations = (
				5BB0398C28B23F08009B8DE2 /* Debug */,
				5BB0398D28B23F08009B8DE2 /* Release */,
			);
			defaultConfigurationIsVisible = 0;
			defaultConfigurationName = Release;
		};
		5BB0398E28B23F08009B8DE2 /* Build configuration list for PBXNativeTarget "Diary" */ = {
			isa = XCConfigurationList;
			buildConfigurations = (
				5BB0398F28B23F08009B8DE2 /* Debug */,
				5BB0399028B23F08009B8DE2 /* Release */,
			);
			defaultConfigurationIsVisible = 0;
			defaultConfigurationName = Release;
		};
/* End XCConfigurationList section */

/* Begin XCRemoteSwiftPackageReference section */
		5BB039A928B24458009B8DE2 /* XCRemoteSwiftPackageReference "SnapKit" */ = {
			isa = XCRemoteSwiftPackageReference;
			repositoryURL = "https://github.com/SnapKit/SnapKit.git";
			requirement = {
				branch = develop;
				kind = branch;
			};
		};
		5BB039C528B2B5BF009B8DE2 /* XCRemoteSwiftPackageReference "Alamofire" */ = {
			isa = XCRemoteSwiftPackageReference;
			repositoryURL = "https://github.com/Alamofire/Alamofire.git";
			requirement = {
				branch = master;
				kind = branch;
			};
		};
		5BB039C828B2B5CA009B8DE2 /* XCRemoteSwiftPackageReference "SwiftyJSON" */ = {
			isa = XCRemoteSwiftPackageReference;
			repositoryURL = "https://github.com/SwiftyJSON/SwiftyJSON.git";
			requirement = {
				branch = master;
				kind = branch;
			};
		};
		5BB039D628B30B78009B8DE2 /* XCRemoteSwiftPackageReference "Kingfisher" */ = {
			isa = XCRemoteSwiftPackageReference;
			repositoryURL = "https://github.com/onevcat/Kingfisher.git";
			requirement = {
				kind = upToNextMajorVersion;
				minimumVersion = 7.0.0;
			};
		};
		5BB039E228B31674009B8DE2 /* XCRemoteSwiftPackageReference "realm-swift" */ = {
			isa = XCRemoteSwiftPackageReference;
			repositoryURL = "https://github.com/realm/realm-swift.git";
			requirement = {
				kind = upToNextMajorVersion;
				minimumVersion = 10.0.0;
			};
		};
/* End XCRemoteSwiftPackageReference section */

/* Begin XCSwiftPackageProductDependency section */
		5BB039AA28B24458009B8DE2 /* SnapKit */ = {
			isa = XCSwiftPackageProductDependency;
			package = 5BB039A928B24458009B8DE2 /* XCRemoteSwiftPackageReference "SnapKit" */;
			productName = SnapKit;
		};
		5BB039C628B2B5BF009B8DE2 /* Alamofire */ = {
			isa = XCSwiftPackageProductDependency;
			package = 5BB039C528B2B5BF009B8DE2 /* XCRemoteSwiftPackageReference "Alamofire" */;
			productName = Alamofire;
		};
		5BB039C928B2B5CA009B8DE2 /* SwiftyJSON */ = {
			isa = XCSwiftPackageProductDependency;
			package = 5BB039C828B2B5CA009B8DE2 /* XCRemoteSwiftPackageReference "SwiftyJSON" */;
			productName = SwiftyJSON;
		};
		5BB039D728B30B78009B8DE2 /* Kingfisher */ = {
			isa = XCSwiftPackageProductDependency;
			package = 5BB039D628B30B78009B8DE2 /* XCRemoteSwiftPackageReference "Kingfisher" */;
			productName = Kingfisher;
		};
		5BB039E328B31674009B8DE2 /* Realm */ = {
			isa = XCSwiftPackageProductDependency;
			package = 5BB039E228B31674009B8DE2 /* XCRemoteSwiftPackageReference "realm-swift" */;
			productName = Realm;
		};
		5BB039E528B31674009B8DE2 /* RealmSwift */ = {
			isa = XCSwiftPackageProductDependency;
			package = 5BB039E228B31674009B8DE2 /* XCRemoteSwiftPackageReference "realm-swift" */;
			productName = RealmSwift;
		};
/* End XCSwiftPackageProductDependency section */
	};
	rootObject = 5BB0397228B23F06009B8DE2 /* Project object */;
}
